
Microsoft Visual Studio Solution File, Format Version 12.00
# Visual Studio Version 16
VisualStudioVersion = 16.0.30225.117
MinimumVisualStudioVersion = 10.0.40219.1
Project("{FAE04EC0-301F-11D3-BF4B-00C04F79EFBC}") = "NSA", "WindowsFormsApplication3\NSA.csproj", "{A1E3851A-797C-425F-BE29-3ACB27483A9E}"
EndProject
Project("{FAE04EC0-301F-11D3-BF4B-00C04F79EFBC}") = "MongoData", "MongoData\MongoData.csproj", "{418D5FA3-6B47-42D5-BD5A-9F92039B1FEA}"
EndProject
Project("{FAE04EC0-301F-11D3-BF4B-00C04F79EFBC}") = "Zerodha", "Zerodha\Zerodha.csproj", "{55B07207-BA39-4DB5-8C81-731B90630E64}"
EndProject
Project("{FAE04EC0-301F-11D3-BF4B-00C04F79EFBC}") = "BusinessLayer", "BusinessLayer\BusinessLayer.csproj", "{F751E274-F659-47E3-9D4D-D568D3179BC7}"
EndProject
Project("{FAE04EC0-301F-11D3-BF4B-00C04F79EFBC}") = "DataLayer", "DataLayer\DataLayer.csproj", "{A9312271-8737-451F-ABFF-E7E614C0A35C}"
EndProject
Project("{FAE04EC0-301F-11D3-BF4B-00C04F79EFBC}") = "ModelLayer", "ModelLayer\ModelLayer.csproj", "{8623AD45-3B7A-4F45-B1EE-090688641A58}"
EndProject
Project("{FAE04EC0-301F-11D3-BF4B-00C04F79EFBC}") = "CommonLayer", "CommonLayer\CommonLayer.csproj", "{4620120B-B5E2-40D0-AF31-99ADA4A728C4}"
EndProject
Global
	GlobalSection(SolutionConfigurationPlatforms) = preSolution
		Debug|Any CPU = Debug|Any CPU
		Release|Any CPU = Release|Any CPU
	EndGlobalSection
	GlobalSection(ProjectConfigurationPlatforms) = postSolution
		{A1E3851A-797C-425F-BE29-3ACB27483A9E}.Debug|Any CPU.ActiveCfg = Debug|Any CPU
		{A1E3851A-797C-425F-BE29-3ACB27483A9E}.Debug|Any CPU.Build.0 = Debug|Any CPU
		{A1E3851A-797C-425F-BE29-3ACB27483A9E}.Release|Any CPU.ActiveCfg = Release|Any CPU
		{A1E3851A-797C-425F-BE29-3ACB27483A9E}.Release|Any CPU.Build.0 = Release|Any CPU
		{418D5FA3-6B47-42D5-BD5A-9F92039B1FEA}.Debug|Any CPU.ActiveCfg = Debug|Any CPU
		{418D5FA3-6B47-42D5-BD5A-9F92039B1FEA}.Debug|Any CPU.Build.0 = Debug|Any CPU
		{418D5FA3-6B47-42D5-BD5A-9F92039B1FEA}.Release|Any CPU.ActiveCfg = Release|Any CPU
		{418D5FA3-6B47-42D5-BD5A-9F92039B1FEA}.Release|Any CPU.Build.0 = Release|Any CPU
		{55B07207-BA39-4DB5-8C81-731B90630E64}.Debug|Any CPU.ActiveCfg = Debug|Any CPU
		{55B07207-BA39-4DB5-8C81-731B90630E64}.Debug|Any CPU.Build.0 = Debug|Any CPU
		{55B07207-BA39-4DB5-8C81-731B90630E64}.Release|Any CPU.ActiveCfg = Release|Any CPU
		{55B07207-BA39-4DB5-8C81-731B90630E64}.Release|Any CPU.Build.0 = Release|Any CPU
		{F751E274-F659-47E3-9D4D-D568D3179BC7}.Debug|Any CPU.ActiveCfg = Debug|Any CPU
		{F751E274-F659-47E3-9D4D-D568D3179BC7}.Debug|Any CPU.Build.0 = Debug|Any CPU
		{F751E274-F659-47E3-9D4D-D568D3179BC7}.Release|Any CPU.ActiveCfg = Release|Any CPU
		{F751E274-F659-47E3-9D4D-D568D3179BC7}.Release|Any CPU.Build.0 = Release|Any CPU
		{A9312271-8737-451F-ABFF-E7E614C0A35C}.Debug|Any CPU.ActiveCfg = Debug|Any CPU
		{A9312271-8737-451F-ABFF-E7E614C0A35C}.Debug|Any CPU.Build.0 = Debug|Any CPU
		{A9312271-8737-451F-ABFF-E7E614C0A35C}.Release|Any CPU.ActiveCfg = Release|Any CPU
		{A9312271-8737-451F-ABFF-E7E614C0A35C}.Release|Any CPU.Build.0 = Release|Any CPU
		{8623AD45-3B7A-4F45-B1EE-090688641A58}.Debug|Any CPU.ActiveCfg = Debug|Any CPU
		{8623AD45-3B7A-4F45-B1EE-090688641A58}.Debug|Any CPU.Build.0 = Debug|Any CPU
		{8623AD45-3B7A-4F45-B1EE-090688641A58}.Release|Any CPU.ActiveCfg = Release|Any CPU
		{8623AD45-3B7A-4F45-B1EE-090688641A58}.Release|Any CPU.Build.0 = Release|Any CPU
		{4620120B-B5E2-40D0-AF31-99ADA4A728C4}.Debug|Any CPU.ActiveCfg = Debug|Any CPU
		{4620120B-B5E2-40D0-AF31-99ADA4A728C4}.Debug|Any CPU.Build.0 = Debug|Any CPU
		{4620120B-B5E2-40D0-AF31-99ADA4A728C4}.Release|Any CPU.ActiveCfg = Release|Any CPU
		{4620120B-B5E2-40D0-AF31-99ADA4A728C4}.Release|Any CPU.Build.0 = Release|Any CPU
	EndGlobalSection
	GlobalSection(SolutionProperties) = preSolution
		HideSolutionNode = FALSE
	EndGlobalSection
	GlobalSection(ExtensibilityGlobals) = postSolution
		SolutionGuid = {91E4EC77-C7A9-43A8-B1CA-AE47E39D8CF0}
	EndGlobalSection
EndGlobal
